// !$*UTF8*$!
{
	archiveVersion = 1;
	classes = {
	};
	objectVersion = 56;
	objects = {

/* Begin PBXBuildFile section */
		130862B929E479C500CADE79 /* TestDataModel.swift in Sources */ = {isa = PBXBuildFile; fileRef = 130862B829E479C500CADE79 /* TestDataModel.swift */; };
		130862C029E4874400CADE79 /* testDoors.geojson in Resources */ = {isa = PBXBuildFile; fileRef = 130862BF29E4874400CADE79 /* testDoors.geojson */; };
		130862C229E488B800CADE79 /* testBusStops.json in Resources */ = {isa = PBXBuildFile; fileRef = 130862C129E488B800CADE79 /* testBusStops.json */; };
		130862CA29E5030100CADE79 /* TestPathPlannerModel.swift in Sources */ = {isa = PBXBuildFile; fileRef = 130862C929E5030100CADE79 /* TestPathPlannerModel.swift */; };
		130E7C4129E23494004B1E81 /* LocationDataModel.swift in Sources */ = {isa = PBXBuildFile; fileRef = 130E7C4029E23494004B1E81 /* LocationDataModel.swift */; };
		130E7C4329E236BD004B1E81 /* DataModelManager.swift in Sources */ = {isa = PBXBuildFile; fileRef = 130E7C4229E236BD004B1E81 /* DataModelManager.swift */; };
		130E7C4629E36C97004B1E81 /* LocationDataModelParser.swift in Sources */ = {isa = PBXBuildFile; fileRef = 130E7C4529E36C97004B1E81 /* LocationDataModelParser.swift */; };
		130E7C4929E36E36004B1E81 /* mbtaBusStops.json in Resources */ = {isa = PBXBuildFile; fileRef = 130E7C4829E36E36004B1E81 /* mbtaBusStops.json */; };
		130E7C4B29E36E41004B1E81 /* Olin_College_Doors.geojson in Resources */ = {isa = PBXBuildFile; fileRef = 130E7C4A29E36E41004B1E81 /* Olin_College_Doors.geojson */; };
		8241735129DE0C6F001599B1 /* STEP_NavigationApp.swift in Sources */ = {isa = PBXBuildFile; fileRef = 8241735029DE0C6F001599B1 /* STEP_NavigationApp.swift */; };
		8241735529DE0C70001599B1 /* Assets.xcassets in Resources */ = {isa = PBXBuildFile; fileRef = 8241735429DE0C70001599B1 /* Assets.xcassets */; };
		8241735829DE0C70001599B1 /* Preview Assets.xcassets in Resources */ = {isa = PBXBuildFile; fileRef = 8241735729DE0C70001599B1 /* Preview Assets.xcassets */; };
		8241736229DE1398001599B1 /* LocalAnchorListView.swift in Sources */ = {isa = PBXBuildFile; fileRef = 8241736129DE1398001599B1 /* LocalAnchorListView.swift */; };
		8241736429DE13A5001599B1 /* LocalizingView.swift in Sources */ = {isa = PBXBuildFile; fileRef = 8241736329DE13A5001599B1 /* LocalizingView.swift */; };
		8241736829DE13B8001599B1 /* AnchorDetailView.swift in Sources */ = {isa = PBXBuildFile; fileRef = 8241736729DE13B8001599B1 /* AnchorDetailView.swift */; };
		8241736A29DE13BF001599B1 /* NavigatingView.swift in Sources */ = {isa = PBXBuildFile; fileRef = 8241736929DE13BF001599B1 /* NavigatingView.swift */; };
		8241736C29DE13F4001599B1 /* HapticFeedbackAdapter.swift in Sources */ = {isa = PBXBuildFile; fileRef = 8241736B29DE13F4001599B1 /* HapticFeedbackAdapter.swift */; };
		8241736E29DE140D001599B1 /* SoundFeedbackAdapter.swift in Sources */ = {isa = PBXBuildFile; fileRef = 8241736D29DE140D001599B1 /* SoundFeedbackAdapter.swift */; };
		8241737029DE1415001599B1 /* TextFeedbackAdapter.swift in Sources */ = {isa = PBXBuildFile; fileRef = 8241736F29DE1415001599B1 /* TextFeedbackAdapter.swift */; };
		8241737229DE1430001599B1 /* AllAnchorDetails.swift in Sources */ = {isa = PBXBuildFile; fileRef = 8241737129DE1430001599B1 /* AllAnchorDetails.swift */; };
		8241737429DE1440001599B1 /* AllPaths.swift in Sources */ = {isa = PBXBuildFile; fileRef = 8241737329DE1440001599B1 /* AllPaths.swift */; };
		8241737629DE144C001599B1 /* DatabaseModel.swift in Sources */ = {isa = PBXBuildFile; fileRef = 8241737529DE144C001599B1 /* DatabaseModel.swift */; };
		8241737929DE1478001599B1 /* PositioningModel.swift in Sources */ = {isa = PBXBuildFile; fileRef = 8241737829DE1478001599B1 /* PositioningModel.swift */; };
		8241737B29DE187E001599B1 /* AdjustmentModel.swift in Sources */ = {isa = PBXBuildFile; fileRef = 8241737A29DE187E001599B1 /* AdjustmentModel.swift */; };
		825F1F2729E8D5CE0043BD98 /* MultiSegmentPathBuilder.swift in Sources */ = {isa = PBXBuildFile; fileRef = 825F1F2629E8D5CE0043BD98 /* MultiSegmentPathBuilder.swift */; };
		825F1F2B29E8D5F20043BD98 /* SoundEffectManager.swift in Sources */ = {isa = PBXBuildFile; fileRef = 825F1F2A29E8D5F20043BD98 /* SoundEffectManager.swift */; };
		825F1F3329E9B7910043BD98 /* STEP_MappingApp.swift in Sources */ = {isa = PBXBuildFile; fileRef = 825F1F3229E9B7910043BD98 /* STEP_MappingApp.swift */; };
		825F1F3529E9B7910043BD98 /* ContentView.swift in Sources */ = {isa = PBXBuildFile; fileRef = 825F1F3429E9B7910043BD98 /* ContentView.swift */; };
		825F1F3729E9B7920043BD98 /* Assets.xcassets in Resources */ = {isa = PBXBuildFile; fileRef = 825F1F3629E9B7920043BD98 /* Assets.xcassets */; };
		825F1F3A29E9B7920043BD98 /* Preview Assets.xcassets in Resources */ = {isa = PBXBuildFile; fileRef = 825F1F3929E9B7920043BD98 /* Preview Assets.xcassets */; };
		825F1F4029E9C65F0043BD98 /* simd_extensions.swift in Sources */ = {isa = PBXBuildFile; fileRef = 825F1F3F29E9C65F0043BD98 /* simd_extensions.swift */; };
		825F1F4729E9C8380043BD98 /* ClewTutorialFeedback.wav in Resources */ = {isa = PBXBuildFile; fileRef = 825F1F4229E9C8380043BD98 /* ClewTutorialFeedback.wav */; };
		825F1F4829E9C8380043BD98 /* ClewSuccessSound.wav in Resources */ = {isa = PBXBuildFile; fileRef = 825F1F4329E9C8380043BD98 /* ClewSuccessSound.wav */; };
		825F1F4929E9C8380043BD98 /* StartRecording.aiff in Resources */ = {isa = PBXBuildFile; fileRef = 825F1F4429E9C8380043BD98 /* StartRecording.aiff */; };
		825F1F4A29E9C8380043BD98 /* StopRecording.aiff in Resources */ = {isa = PBXBuildFile; fileRef = 825F1F4529E9C8380043BD98 /* StopRecording.aiff */; };
		825F1F4B29E9C8380043BD98 /* ClewErrorSound.wav in Resources */ = {isa = PBXBuildFile; fileRef = 825F1F4629E9C8380043BD98 /* ClewErrorSound.wav */; };
		825F1F4D29E9CACE0043BD98 /* MapDataModel.swift in Sources */ = {isa = PBXBuildFile; fileRef = 825F1F4C29E9CACE0043BD98 /* MapDataModel.swift */; };
		825F1F4F29E9CB350043BD98 /* NavigationManager.swift in Sources */ = {isa = PBXBuildFile; fileRef = 825F1F4E29E9CB350043BD98 /* NavigationManager.swift */; };
		825F1F5129E9CBA70043BD98 /* MapGraph.swift in Sources */ = {isa = PBXBuildFile; fileRef = 825F1F5029E9CBA70043BD98 /* MapGraph.swift */; };
		825F1F5329E9CF130043BD98 /* CloudAnchorAligner.swift in Sources */ = {isa = PBXBuildFile; fileRef = 825F1F5229E9CF130043BD98 /* CloudAnchorAligner.swift */; };
		825F1F5529E9CF490043BD98 /* PathLogger.swift in Sources */ = {isa = PBXBuildFile; fileRef = 825F1F5429E9CF490043BD98 /* PathLogger.swift */; };
		825F1F5729E9CF7D0043BD98 /* FirebaseManager.swift in Sources */ = {isa = PBXBuildFile; fileRef = 825F1F5629E9CF7D0043BD98 /* FirebaseManager.swift */; };
		82659CA429DF5CB3007546A1 /* GoogleService-Info.plist in Resources */ = {isa = PBXBuildFile; fileRef = 82659CA329DF5CB3007546A1 /* GoogleService-Info.plist */; };
		82659CA729DF5FC8007546A1 /* FirebaseAnalytics in Frameworks */ = {isa = PBXBuildFile; productRef = 82659CA629DF5FC8007546A1 /* FirebaseAnalytics */; };
		82659CA929DF5FC8007546A1 /* FirebaseDatabase in Frameworks */ = {isa = PBXBuildFile; productRef = 82659CA829DF5FC8007546A1 /* FirebaseDatabase */; };
		82659CAB29DF5FC8007546A1 /* FirebaseStorage in Frameworks */ = {isa = PBXBuildFile; productRef = 82659CAA29DF5FC8007546A1 /* FirebaseStorage */; };
		82659CAE29DF5FFC007546A1 /* ARCoreCloudAnchors in Frameworks */ = {isa = PBXBuildFile; productRef = 82659CAD29DF5FFC007546A1 /* ARCoreCloudAnchors */; };
		82659CB029DF5FFC007546A1 /* ARCoreGARSession in Frameworks */ = {isa = PBXBuildFile; productRef = 82659CAF29DF5FFC007546A1 /* ARCoreGARSession */; };
		82659CB229DF5FFC007546A1 /* ARCoreGeospatial in Frameworks */ = {isa = PBXBuildFile; productRef = 82659CB129DF5FFC007546A1 /* ARCoreGeospatial */; };
		82659CB529DF60B5007546A1 /* SwiftGraph in Frameworks */ = {isa = PBXBuildFile; productRef = 82659CB429DF60B5007546A1 /* SwiftGraph */; };
		826C994729E87C130070290B /* ARViewContainer.swift in Sources */ = {isa = PBXBuildFile; fileRef = 826C994629E87C130070290B /* ARViewContainer.swift */; };
		826C994929E87EA10070290B /* ARCoreCredentials.swift in Sources */ = {isa = PBXBuildFile; fileRef = 826C994829E87EA10070290B /* ARCoreCredentials.swift */; };
		829F7B6729F2C03A00B59EE0 /* AnnouncementManager.swift in Sources */ = {isa = PBXBuildFile; fileRef = 829F7B6629F2C03A00B59EE0 /* AnnouncementManager.swift */; };
		829F7B6929F2C2AB00B59EE0 /* Localizable.strings in Resources */ = {isa = PBXBuildFile; fileRef = 829F7B6829F2C2AB00B59EE0 /* Localizable.strings */; };
		82E69C9929F3278E002E2671 /* PathPlannerModel.swift in Sources */ = {isa = PBXBuildFile; fileRef = 82E69C9829F3278E002E2671 /* PathPlannerModel.swift */; };
		A8CB6EBD29DFB22F00EABD80 /* AppColor.swift in Sources */ = {isa = PBXBuildFile; fileRef = A8CB6EBC29DFB22F00EABD80 /* AppColor.swift */; };
		A8CB6EBF29DFB37000EABD80 /* AnchorDetails.swift in Sources */ = {isa = PBXBuildFile; fileRef = A8CB6EBE29DFB37000EABD80 /* AnchorDetails.swift */; };
		A8D886C229EEE550003E05E7 /* ExitNavigationAlertView.swift in Sources */ = {isa = PBXBuildFile; fileRef = A8D886C129EEE550003E05E7 /* ExitNavigationAlertView.swift */; };
		A8EACA0329E24E9500CBF590 /* CapsuleButton.swift in Sources */ = {isa = PBXBuildFile; fileRef = A8EACA0229E24E9500CBF590 /* CapsuleButton.swift */; };
		A8FF1A1229E062DD002019E9 /* AnchorTypeListView.swift in Sources */ = {isa = PBXBuildFile; fileRef = A8FF1A1129E062DD002019E9 /* AnchorTypeListView.swift */; };
/* End PBXBuildFile section */

/* Begin PBXContainerItemProxy section */
		130862BA29E479C500CADE79 /* PBXContainerItemProxy */ = {
			isa = PBXContainerItemProxy;
			containerPortal = 8241734529DE0C6F001599B1 /* Project object */;
			proxyType = 1;
			remoteGlobalIDString = 8241734C29DE0C6F001599B1;
			remoteInfo = "STEP Navigation";
		};
/* End PBXContainerItemProxy section */

/* Begin PBXFileReference section */
		130862B629E479C500CADE79 /* STEP NavigationTests.xctest */ = {isa = PBXFileReference; explicitFileType = wrapper.cfbundle; includeInIndex = 0; path = "STEP NavigationTests.xctest"; sourceTree = BUILT_PRODUCTS_DIR; };
		130862B829E479C500CADE79 /* TestDataModel.swift */ = {isa = PBXFileReference; lastKnownFileType = sourcecode.swift; path = TestDataModel.swift; sourceTree = "<group>"; };
		130862BF29E4874400CADE79 /* testDoors.geojson */ = {isa = PBXFileReference; lastKnownFileType = text; path = testDoors.geojson; sourceTree = "<group>"; };
		130862C129E488B800CADE79 /* testBusStops.json */ = {isa = PBXFileReference; fileEncoding = 4; lastKnownFileType = text.json; path = testBusStops.json; sourceTree = "<group>"; };
		130862C929E5030100CADE79 /* TestPathPlannerModel.swift */ = {isa = PBXFileReference; lastKnownFileType = sourcecode.swift; path = TestPathPlannerModel.swift; sourceTree = "<group>"; };
		130E7C3B29E106BA004B1E81 /* STEP-Navigation-Info.plist */ = {isa = PBXFileReference; lastKnownFileType = text.plist; path = "STEP-Navigation-Info.plist"; sourceTree = SOURCE_ROOT; };
		130E7C4029E23494004B1E81 /* LocationDataModel.swift */ = {isa = PBXFileReference; lastKnownFileType = sourcecode.swift; path = LocationDataModel.swift; sourceTree = "<group>"; };
		130E7C4229E236BD004B1E81 /* DataModelManager.swift */ = {isa = PBXFileReference; lastKnownFileType = sourcecode.swift; path = DataModelManager.swift; sourceTree = "<group>"; wrapsLines = 0; };
		130E7C4429E25322004B1E81 /* ModelTestingByHand.playground */ = {isa = PBXFileReference; lastKnownFileType = file.playground; path = ModelTestingByHand.playground; sourceTree = "<group>"; xcLanguageSpecificationIdentifier = xcode.lang.swift; };
		130E7C4529E36C97004B1E81 /* LocationDataModelParser.swift */ = {isa = PBXFileReference; lastKnownFileType = sourcecode.swift; path = LocationDataModelParser.swift; sourceTree = "<group>"; };
		130E7C4829E36E36004B1E81 /* mbtaBusStops.json */ = {isa = PBXFileReference; fileEncoding = 4; lastKnownFileType = text.json; path = mbtaBusStops.json; sourceTree = "<group>"; };
		130E7C4A29E36E41004B1E81 /* Olin_College_Doors.geojson */ = {isa = PBXFileReference; fileEncoding = 4; lastKnownFileType = text; path = Olin_College_Doors.geojson; sourceTree = "<group>"; };
		8241734D29DE0C6F001599B1 /* STEP Navigation.app */ = {isa = PBXFileReference; explicitFileType = wrapper.application; includeInIndex = 0; path = "STEP Navigation.app"; sourceTree = BUILT_PRODUCTS_DIR; };
		8241735029DE0C6F001599B1 /* STEP_NavigationApp.swift */ = {isa = PBXFileReference; lastKnownFileType = sourcecode.swift; path = STEP_NavigationApp.swift; sourceTree = "<group>"; };
		8241735429DE0C70001599B1 /* Assets.xcassets */ = {isa = PBXFileReference; lastKnownFileType = folder.assetcatalog; path = Assets.xcassets; sourceTree = "<group>"; };
		8241735729DE0C70001599B1 /* Preview Assets.xcassets */ = {isa = PBXFileReference; lastKnownFileType = folder.assetcatalog; path = "Preview Assets.xcassets"; sourceTree = "<group>"; };
		8241736129DE1398001599B1 /* LocalAnchorListView.swift */ = {isa = PBXFileReference; lastKnownFileType = sourcecode.swift; path = LocalAnchorListView.swift; sourceTree = "<group>"; };
		8241736329DE13A5001599B1 /* LocalizingView.swift */ = {isa = PBXFileReference; lastKnownFileType = sourcecode.swift; path = LocalizingView.swift; sourceTree = "<group>"; };
		8241736729DE13B8001599B1 /* AnchorDetailView.swift */ = {isa = PBXFileReference; lastKnownFileType = sourcecode.swift; path = AnchorDetailView.swift; sourceTree = "<group>"; };
		8241736929DE13BF001599B1 /* NavigatingView.swift */ = {isa = PBXFileReference; lastKnownFileType = sourcecode.swift; path = NavigatingView.swift; sourceTree = "<group>"; };
		8241736B29DE13F4001599B1 /* HapticFeedbackAdapter.swift */ = {isa = PBXFileReference; lastKnownFileType = sourcecode.swift; path = HapticFeedbackAdapter.swift; sourceTree = "<group>"; };
		8241736D29DE140D001599B1 /* SoundFeedbackAdapter.swift */ = {isa = PBXFileReference; lastKnownFileType = sourcecode.swift; path = SoundFeedbackAdapter.swift; sourceTree = "<group>"; };
		8241736F29DE1415001599B1 /* TextFeedbackAdapter.swift */ = {isa = PBXFileReference; lastKnownFileType = sourcecode.swift; path = TextFeedbackAdapter.swift; sourceTree = "<group>"; };
		8241737129DE1430001599B1 /* AllAnchorDetails.swift */ = {isa = PBXFileReference; lastKnownFileType = sourcecode.swift; path = AllAnchorDetails.swift; sourceTree = "<group>"; };
		8241737329DE1440001599B1 /* AllPaths.swift */ = {isa = PBXFileReference; lastKnownFileType = sourcecode.swift; path = AllPaths.swift; sourceTree = "<group>"; };
		8241737529DE144C001599B1 /* DatabaseModel.swift */ = {isa = PBXFileReference; lastKnownFileType = sourcecode.swift; path = DatabaseModel.swift; sourceTree = "<group>"; };
		8241737829DE1478001599B1 /* PositioningModel.swift */ = {isa = PBXFileReference; lastKnownFileType = sourcecode.swift; path = PositioningModel.swift; sourceTree = "<group>"; };
		8241737A29DE187E001599B1 /* AdjustmentModel.swift */ = {isa = PBXFileReference; lastKnownFileType = sourcecode.swift; path = AdjustmentModel.swift; sourceTree = "<group>"; };
		825F1F2629E8D5CE0043BD98 /* MultiSegmentPathBuilder.swift */ = {isa = PBXFileReference; lastKnownFileType = sourcecode.swift; path = MultiSegmentPathBuilder.swift; sourceTree = "<group>"; };
		825F1F2A29E8D5F20043BD98 /* SoundEffectManager.swift */ = {isa = PBXFileReference; lastKnownFileType = sourcecode.swift; path = SoundEffectManager.swift; sourceTree = "<group>"; };
		825F1F3029E9B7910043BD98 /* STEP Mapping.app */ = {isa = PBXFileReference; explicitFileType = wrapper.application; includeInIndex = 0; path = "STEP Mapping.app"; sourceTree = BUILT_PRODUCTS_DIR; };
		825F1F3229E9B7910043BD98 /* STEP_MappingApp.swift */ = {isa = PBXFileReference; lastKnownFileType = sourcecode.swift; path = STEP_MappingApp.swift; sourceTree = "<group>"; };
		825F1F3429E9B7910043BD98 /* ContentView.swift */ = {isa = PBXFileReference; lastKnownFileType = sourcecode.swift; path = ContentView.swift; sourceTree = "<group>"; };
		825F1F3629E9B7920043BD98 /* Assets.xcassets */ = {isa = PBXFileReference; lastKnownFileType = folder.assetcatalog; path = Assets.xcassets; sourceTree = "<group>"; };
		825F1F3929E9B7920043BD98 /* Preview Assets.xcassets */ = {isa = PBXFileReference; lastKnownFileType = folder.assetcatalog; path = "Preview Assets.xcassets"; sourceTree = "<group>"; };
		825F1F3F29E9C65F0043BD98 /* simd_extensions.swift */ = {isa = PBXFileReference; lastKnownFileType = sourcecode.swift; path = simd_extensions.swift; sourceTree = "<group>"; };
		825F1F4229E9C8380043BD98 /* ClewTutorialFeedback.wav */ = {isa = PBXFileReference; lastKnownFileType = audio.wav; path = ClewTutorialFeedback.wav; sourceTree = "<group>"; };
		825F1F4329E9C8380043BD98 /* ClewSuccessSound.wav */ = {isa = PBXFileReference; lastKnownFileType = audio.wav; path = ClewSuccessSound.wav; sourceTree = "<group>"; };
		825F1F4429E9C8380043BD98 /* StartRecording.aiff */ = {isa = PBXFileReference; lastKnownFileType = audio.aiff; path = StartRecording.aiff; sourceTree = "<group>"; };
		825F1F4529E9C8380043BD98 /* StopRecording.aiff */ = {isa = PBXFileReference; lastKnownFileType = audio.aiff; path = StopRecording.aiff; sourceTree = "<group>"; };
		825F1F4629E9C8380043BD98 /* ClewErrorSound.wav */ = {isa = PBXFileReference; lastKnownFileType = audio.wav; path = ClewErrorSound.wav; sourceTree = "<group>"; };
		825F1F4C29E9CACE0043BD98 /* MapDataModel.swift */ = {isa = PBXFileReference; lastKnownFileType = sourcecode.swift; path = MapDataModel.swift; sourceTree = "<group>"; };
		825F1F4E29E9CB350043BD98 /* NavigationManager.swift */ = {isa = PBXFileReference; lastKnownFileType = sourcecode.swift; path = NavigationManager.swift; sourceTree = "<group>"; };
		825F1F5029E9CBA70043BD98 /* MapGraph.swift */ = {isa = PBXFileReference; lastKnownFileType = sourcecode.swift; path = MapGraph.swift; sourceTree = "<group>"; };
		825F1F5229E9CF130043BD98 /* CloudAnchorAligner.swift */ = {isa = PBXFileReference; lastKnownFileType = sourcecode.swift; path = CloudAnchorAligner.swift; sourceTree = "<group>"; };
		825F1F5429E9CF490043BD98 /* PathLogger.swift */ = {isa = PBXFileReference; lastKnownFileType = sourcecode.swift; path = PathLogger.swift; sourceTree = "<group>"; };
		825F1F5629E9CF7D0043BD98 /* FirebaseManager.swift */ = {isa = PBXFileReference; lastKnownFileType = sourcecode.swift; path = FirebaseManager.swift; sourceTree = "<group>"; };
		82659CA329DF5CB3007546A1 /* GoogleService-Info.plist */ = {isa = PBXFileReference; fileEncoding = 4; lastKnownFileType = text.plist.xml; path = "GoogleService-Info.plist"; sourceTree = "<group>"; };
		826C994629E87C130070290B /* ARViewContainer.swift */ = {isa = PBXFileReference; lastKnownFileType = sourcecode.swift; path = ARViewContainer.swift; sourceTree = "<group>"; };
		826C994829E87EA10070290B /* ARCoreCredentials.swift */ = {isa = PBXFileReference; lastKnownFileType = sourcecode.swift; path = ARCoreCredentials.swift; sourceTree = "<group>"; };
		829F7B6629F2C03A00B59EE0 /* AnnouncementManager.swift */ = {isa = PBXFileReference; lastKnownFileType = sourcecode.swift; path = AnnouncementManager.swift; sourceTree = "<group>"; };
		829F7B6829F2C2AB00B59EE0 /* Localizable.strings */ = {isa = PBXFileReference; lastKnownFileType = text.plist.strings; path = Localizable.strings; sourceTree = "<group>"; };
		82E69C9829F3278E002E2671 /* PathPlannerModel.swift */ = {isa = PBXFileReference; fileEncoding = 4; lastKnownFileType = sourcecode.swift; path = PathPlannerModel.swift; sourceTree = "<group>"; };
		A8CB6EBC29DFB22F00EABD80 /* AppColor.swift */ = {isa = PBXFileReference; lastKnownFileType = sourcecode.swift; path = AppColor.swift; sourceTree = "<group>"; };
		A8CB6EBE29DFB37000EABD80 /* AnchorDetails.swift */ = {isa = PBXFileReference; lastKnownFileType = sourcecode.swift; path = AnchorDetails.swift; sourceTree = "<group>"; };
		A8D886C129EEE550003E05E7 /* ExitNavigationAlertView.swift */ = {isa = PBXFileReference; lastKnownFileType = sourcecode.swift; path = ExitNavigationAlertView.swift; sourceTree = "<group>"; };
		A8EACA0229E24E9500CBF590 /* CapsuleButton.swift */ = {isa = PBXFileReference; lastKnownFileType = sourcecode.swift; path = CapsuleButton.swift; sourceTree = "<group>"; };
		A8FF1A1129E062DD002019E9 /* AnchorTypeListView.swift */ = {isa = PBXFileReference; lastKnownFileType = sourcecode.swift; path = AnchorTypeListView.swift; sourceTree = "<group>"; };
/* End PBXFileReference section */

/* Begin PBXFrameworksBuildPhase section */
		130862B329E479C500CADE79 /* Frameworks */ = {
			isa = PBXFrameworksBuildPhase;
			buildActionMask = 2147483647;
			files = (
			);
			runOnlyForDeploymentPostprocessing = 0;
		};
		8241734A29DE0C6F001599B1 /* Frameworks */ = {
			isa = PBXFrameworksBuildPhase;
			buildActionMask = 2147483647;
			files = (
				82659CB529DF60B5007546A1 /* SwiftGraph in Frameworks */,
				82659CA929DF5FC8007546A1 /* FirebaseDatabase in Frameworks */,
				82659CA729DF5FC8007546A1 /* FirebaseAnalytics in Frameworks */,
				82659CB029DF5FFC007546A1 /* ARCoreGARSession in Frameworks */,
				82659CAB29DF5FC8007546A1 /* FirebaseStorage in Frameworks */,
				82659CAE29DF5FFC007546A1 /* ARCoreCloudAnchors in Frameworks */,
				82659CB229DF5FFC007546A1 /* ARCoreGeospatial in Frameworks */,
			);
			runOnlyForDeploymentPostprocessing = 0;
		};
		825F1F2D29E9B7910043BD98 /* Frameworks */ = {
			isa = PBXFrameworksBuildPhase;
			buildActionMask = 2147483647;
			files = (
			);
			runOnlyForDeploymentPostprocessing = 0;
		};
/* End PBXFrameworksBuildPhase section */

/* Begin PBXGroup section */
		130862B729E479C500CADE79 /* STEP NavigationTests */ = {
			isa = PBXGroup;
			children = (
				130862B829E479C500CADE79 /* TestDataModel.swift */,
				130862C929E5030100CADE79 /* TestPathPlannerModel.swift */,
			);
			path = "STEP NavigationTests";
			sourceTree = "<group>";
		};
		130E7C4729E36CFF004B1E81 /* DataFiles */ = {
			isa = PBXGroup;
			children = (
				130862C129E488B800CADE79 /* testBusStops.json */,
				130E7C4A29E36E41004B1E81 /* Olin_College_Doors.geojson */,
				130E7C4829E36E36004B1E81 /* mbtaBusStops.json */,
				130862BF29E4874400CADE79 /* testDoors.geojson */,
			);
			path = DataFiles;
			sourceTree = "<group>";
		};
		8241734429DE0C6F001599B1 = {
			isa = PBXGroup;
			children = (
				8241734F29DE0C6F001599B1 /* STEP Navigation */,
				130862B729E479C500CADE79 /* STEP NavigationTests */,
				825F1F3129E9B7910043BD98 /* STEP Mapping */,
				8241734E29DE0C6F001599B1 /* Products */,
			);
			sourceTree = "<group>";
		};
		8241734E29DE0C6F001599B1 /* Products */ = {
			isa = PBXGroup;
			children = (
				8241734D29DE0C6F001599B1 /* STEP Navigation.app */,
				130862B629E479C500CADE79 /* STEP NavigationTests.xctest */,
				825F1F3029E9B7910043BD98 /* STEP Mapping.app */,
			);
			name = Products;
			sourceTree = "<group>";
		};
		8241734F29DE0C6F001599B1 /* STEP Navigation */ = {
			isa = PBXGroup;
			children = (
				825F1F4129E9C82A0043BD98 /* Sound Effects */,
				825F1F3E29E9C6510043BD98 /* Utilities */,
				130E7C4729E36CFF004B1E81 /* DataFiles */,
				130E7C3B29E106BA004B1E81 /* STEP-Navigation-Info.plist */,
				82659CA329DF5CB3007546A1 /* GoogleService-Info.plist */,
				826C994829E87EA10070290B /* ARCoreCredentials.swift */,
				8241736029DE1374001599B1 /* Adapters */,
				8241735F29DE1370001599B1 /* Models */,
				8241735E29DE1369001599B1 /* Views */,
				8241735029DE0C6F001599B1 /* STEP_NavigationApp.swift */,
				8241735429DE0C70001599B1 /* Assets.xcassets */,
				8241735629DE0C70001599B1 /* Preview Content */,
				829F7B6829F2C2AB00B59EE0 /* Localizable.strings */,
			);
			path = "STEP Navigation";
			sourceTree = "<group>";
		};
		8241735629DE0C70001599B1 /* Preview Content */ = {
			isa = PBXGroup;
			children = (
				8241735729DE0C70001599B1 /* Preview Assets.xcassets */,
			);
			path = "Preview Content";
			sourceTree = "<group>";
		};
		8241735E29DE1369001599B1 /* Views */ = {
			isa = PBXGroup;
			children = (
				8241736729DE13B8001599B1 /* AnchorDetailView.swift */,
				A8FF1A1129E062DD002019E9 /* AnchorTypeListView.swift */,
				A8EACA0229E24E9500CBF590 /* CapsuleButton.swift */,
				8241736129DE1398001599B1 /* LocalAnchorListView.swift */,
				8241736329DE13A5001599B1 /* LocalizingView.swift */,
				8241736929DE13BF001599B1 /* NavigatingView.swift */,
				A8CB6EBC29DFB22F00EABD80 /* AppColor.swift */,
				826C994629E87C130070290B /* ARViewContainer.swift */,
				A8D886C129EEE550003E05E7 /* ExitNavigationAlertView.swift */,
			);
			path = Views;
			sourceTree = "<group>";
		};
		8241735F29DE1370001599B1 /* Models */ = {
			isa = PBXGroup;
			children = (
				8241737129DE1430001599B1 /* AllAnchorDetails.swift */,
				A8CB6EBE29DFB37000EABD80 /* AnchorDetails.swift */,
				8241737329DE1440001599B1 /* AllPaths.swift */,
				8241737529DE144C001599B1 /* DatabaseModel.swift */,
				8241737A29DE187E001599B1 /* AdjustmentModel.swift */,
				130E7C4029E23494004B1E81 /* LocationDataModel.swift */,
				130E7C4229E236BD004B1E81 /* DataModelManager.swift */,
				130E7C4429E25322004B1E81 /* ModelTestingByHand.playground */,
				825F1F2629E8D5CE0043BD98 /* MultiSegmentPathBuilder.swift */,
				130E7C4529E36C97004B1E81 /* LocationDataModelParser.swift */,
				8241737829DE1478001599B1 /* PositioningModel.swift */,
				82E69C9829F3278E002E2671 /* PathPlannerModel.swift */,
				825F1F2A29E8D5F20043BD98 /* SoundEffectManager.swift */,
				825F1F4C29E9CACE0043BD98 /* MapDataModel.swift */,
				825F1F4E29E9CB350043BD98 /* NavigationManager.swift */,
				825F1F5029E9CBA70043BD98 /* MapGraph.swift */,
				825F1F5229E9CF130043BD98 /* CloudAnchorAligner.swift */,
				825F1F5429E9CF490043BD98 /* PathLogger.swift */,
				825F1F5629E9CF7D0043BD98 /* FirebaseManager.swift */,
				829F7B6629F2C03A00B59EE0 /* AnnouncementManager.swift */,
			);
			path = Models;
			sourceTree = "<group>";
		};
		8241736029DE1374001599B1 /* Adapters */ = {
			isa = PBXGroup;
			children = (
				8241736B29DE13F4001599B1 /* HapticFeedbackAdapter.swift */,
				8241736D29DE140D001599B1 /* SoundFeedbackAdapter.swift */,
				8241736F29DE1415001599B1 /* TextFeedbackAdapter.swift */,
			);
			path = Adapters;
			sourceTree = "<group>";
		};
		825F1F3129E9B7910043BD98 /* STEP Mapping */ = {
			isa = PBXGroup;
			children = (
				825F1F3229E9B7910043BD98 /* STEP_MappingApp.swift */,
				825F1F3429E9B7910043BD98 /* ContentView.swift */,
				825F1F3629E9B7920043BD98 /* Assets.xcassets */,
				825F1F3829E9B7920043BD98 /* Preview Content */,
			);
			path = "STEP Mapping";
			sourceTree = "<group>";
		};
		825F1F3829E9B7920043BD98 /* Preview Content */ = {
			isa = PBXGroup;
			children = (
				825F1F3929E9B7920043BD98 /* Preview Assets.xcassets */,
			);
			path = "Preview Content";
			sourceTree = "<group>";
		};
		825F1F3E29E9C6510043BD98 /* Utilities */ = {
			isa = PBXGroup;
			children = (
				825F1F3F29E9C65F0043BD98 /* simd_extensions.swift */,
			);
			path = Utilities;
			sourceTree = "<group>";
		};
		825F1F4129E9C82A0043BD98 /* Sound Effects */ = {
			isa = PBXGroup;
			children = (
				825F1F4629E9C8380043BD98 /* ClewErrorSound.wav */,
				825F1F4329E9C8380043BD98 /* ClewSuccessSound.wav */,
				825F1F4229E9C8380043BD98 /* ClewTutorialFeedback.wav */,
				825F1F4429E9C8380043BD98 /* StartRecording.aiff */,
				825F1F4529E9C8380043BD98 /* StopRecording.aiff */,
			);
			path = "Sound Effects";
			sourceTree = "<group>";
		};
/* End PBXGroup section */

/* Begin PBXNativeTarget section */
		130862B529E479C500CADE79 /* STEP NavigationTests */ = {
			isa = PBXNativeTarget;
			buildConfigurationList = 130862BE29E479C500CADE79 /* Build configuration list for PBXNativeTarget "STEP NavigationTests" */;
			buildPhases = (
				130862B229E479C500CADE79 /* Sources */,
				130862B329E479C500CADE79 /* Frameworks */,
				130862B429E479C500CADE79 /* Resources */,
			);
			buildRules = (
			);
			dependencies = (
				130862BB29E479C500CADE79 /* PBXTargetDependency */,
			);
			name = "STEP NavigationTests";
			productName = "STEP NavigationTests";
			productReference = 130862B629E479C500CADE79 /* STEP NavigationTests.xctest */;
			productType = "com.apple.product-type.bundle.unit-test";
		};
		8241734C29DE0C6F001599B1 /* STEP Navigation */ = {
			isa = PBXNativeTarget;
			buildConfigurationList = 8241735B29DE0C70001599B1 /* Build configuration list for PBXNativeTarget "STEP Navigation" */;
			buildPhases = (
				8241734929DE0C6F001599B1 /* Sources */,
				8241734A29DE0C6F001599B1 /* Frameworks */,
				8241734B29DE0C6F001599B1 /* Resources */,
			);
			buildRules = (
			);
			dependencies = (
			);
			name = "STEP Navigation";
			packageProductDependencies = (
				82659CA629DF5FC8007546A1 /* FirebaseAnalytics */,
				82659CA829DF5FC8007546A1 /* FirebaseDatabase */,
				82659CAA29DF5FC8007546A1 /* FirebaseStorage */,
				82659CAD29DF5FFC007546A1 /* ARCoreCloudAnchors */,
				82659CAF29DF5FFC007546A1 /* ARCoreGARSession */,
				82659CB129DF5FFC007546A1 /* ARCoreGeospatial */,
				82659CB429DF60B5007546A1 /* SwiftGraph */,
			);
			productName = "STEP Navigation";
			productReference = 8241734D29DE0C6F001599B1 /* STEP Navigation.app */;
			productType = "com.apple.product-type.application";
		};
		825F1F2F29E9B7910043BD98 /* STEP Mapping */ = {
			isa = PBXNativeTarget;
			buildConfigurationList = 825F1F3B29E9B7920043BD98 /* Build configuration list for PBXNativeTarget "STEP Mapping" */;
			buildPhases = (
				825F1F2C29E9B7910043BD98 /* Sources */,
				825F1F2D29E9B7910043BD98 /* Frameworks */,
				825F1F2E29E9B7910043BD98 /* Resources */,
			);
			buildRules = (
			);
			dependencies = (
			);
			name = "STEP Mapping";
			productName = "STEP Mapping";
			productReference = 825F1F3029E9B7910043BD98 /* STEP Mapping.app */;
			productType = "com.apple.product-type.application";
		};
/* End PBXNativeTarget section */

/* Begin PBXProject section */
		8241734529DE0C6F001599B1 /* Project object */ = {
			isa = PBXProject;
			attributes = {
				BuildIndependentTargetsInParallel = 1;
				LastSwiftUpdateCheck = 1430;
				LastUpgradeCheck = 1430;
				TargetAttributes = {
					130862B529E479C500CADE79 = {
						CreatedOnToolsVersion = 14.2;
						TestTargetID = 8241734C29DE0C6F001599B1;
					};
					8241734C29DE0C6F001599B1 = {
						CreatedOnToolsVersion = 14.3;
					};
					825F1F2F29E9B7910043BD98 = {
						CreatedOnToolsVersion = 14.3;
					};
				};
			};
			buildConfigurationList = 8241734829DE0C6F001599B1 /* Build configuration list for PBXProject "STEP Navigation" */;
			compatibilityVersion = "Xcode 14.0";
			developmentRegion = en;
			hasScannedForEncodings = 0;
			knownRegions = (
				en,
				Base,
			);
			mainGroup = 8241734429DE0C6F001599B1;
			packageReferences = (
				82659CA529DF5FC8007546A1 /* XCRemoteSwiftPackageReference "firebase-ios-sdk" */,
				82659CAC29DF5FFC007546A1 /* XCRemoteSwiftPackageReference "arcore-ios-sdk" */,
				82659CB329DF60B5007546A1 /* XCRemoteSwiftPackageReference "SwiftGraph" */,
			);
			productRefGroup = 8241734E29DE0C6F001599B1 /* Products */;
			projectDirPath = "";
			projectRoot = "";
			targets = (
				8241734C29DE0C6F001599B1 /* STEP Navigation */,
				130862B529E479C500CADE79 /* STEP NavigationTests */,
				825F1F2F29E9B7910043BD98 /* STEP Mapping */,
			);
		};
/* End PBXProject section */

/* Begin PBXResourcesBuildPhase section */
		130862B429E479C500CADE79 /* Resources */ = {
			isa = PBXResourcesBuildPhase;
			buildActionMask = 2147483647;
			files = (
			);
			runOnlyForDeploymentPostprocessing = 0;
		};
		8241734B29DE0C6F001599B1 /* Resources */ = {
			isa = PBXResourcesBuildPhase;
			buildActionMask = 2147483647;
			files = (
				825F1F4729E9C8380043BD98 /* ClewTutorialFeedback.wav in Resources */,
				130E7C4929E36E36004B1E81 /* mbtaBusStops.json in Resources */,
				825F1F4929E9C8380043BD98 /* StartRecording.aiff in Resources */,
				8241735829DE0C70001599B1 /* Preview Assets.xcassets in Resources */,
				825F1F4B29E9C8380043BD98 /* ClewErrorSound.wav in Resources */,
				8241735529DE0C70001599B1 /* Assets.xcassets in Resources */,
				130E7C4B29E36E41004B1E81 /* Olin_College_Doors.geojson in Resources */,
				825F1F4829E9C8380043BD98 /* ClewSuccessSound.wav in Resources */,
				82659CA429DF5CB3007546A1 /* GoogleService-Info.plist in Resources */,
				829F7B6929F2C2AB00B59EE0 /* Localizable.strings in Resources */,
				130862C029E4874400CADE79 /* testDoors.geojson in Resources */,
				825F1F4A29E9C8380043BD98 /* StopRecording.aiff in Resources */,
				130862C229E488B800CADE79 /* testBusStops.json in Resources */,
			);
			runOnlyForDeploymentPostprocessing = 0;
		};
		825F1F2E29E9B7910043BD98 /* Resources */ = {
			isa = PBXResourcesBuildPhase;
			buildActionMask = 2147483647;
			files = (
				825F1F3A29E9B7920043BD98 /* Preview Assets.xcassets in Resources */,
				825F1F3729E9B7920043BD98 /* Assets.xcassets in Resources */,
			);
			runOnlyForDeploymentPostprocessing = 0;
		};
/* End PBXResourcesBuildPhase section */

/* Begin PBXSourcesBuildPhase section */
		130862B229E479C500CADE79 /* Sources */ = {
			isa = PBXSourcesBuildPhase;
			buildActionMask = 2147483647;
			files = (
				130862B929E479C500CADE79 /* TestDataModel.swift in Sources */,
				130862CA29E5030100CADE79 /* TestPathPlannerModel.swift in Sources */,
			);
			runOnlyForDeploymentPostprocessing = 0;
		};
		8241734929DE0C6F001599B1 /* Sources */ = {
			isa = PBXSourcesBuildPhase;
			buildActionMask = 2147483647;
			files = (
				8241737629DE144C001599B1 /* DatabaseModel.swift in Sources */,
				A8EACA0329E24E9500CBF590 /* CapsuleButton.swift in Sources */,
				8241737029DE1415001599B1 /* TextFeedbackAdapter.swift in Sources */,
				825F1F2B29E8D5F20043BD98 /* SoundEffectManager.swift in Sources */,
				8241736829DE13B8001599B1 /* AnchorDetailView.swift in Sources */,
				8241735129DE0C6F001599B1 /* STEP_NavigationApp.swift in Sources */,
				8241737429DE1440001599B1 /* AllPaths.swift in Sources */,
				A8FF1A1229E062DD002019E9 /* AnchorTypeListView.swift in Sources */,
				8241736C29DE13F4001599B1 /* HapticFeedbackAdapter.swift in Sources */,
				825F1F5729E9CF7D0043BD98 /* FirebaseManager.swift in Sources */,
				825F1F5129E9CBA70043BD98 /* MapGraph.swift in Sources */,
				8241736E29DE140D001599B1 /* SoundFeedbackAdapter.swift in Sources */,
				8241737929DE1478001599B1 /* PositioningModel.swift in Sources */,
				825F1F5329E9CF130043BD98 /* CloudAnchorAligner.swift in Sources */,
				A8CB6EBD29DFB22F00EABD80 /* AppColor.swift in Sources */,
				130E7C4329E236BD004B1E81 /* DataModelManager.swift in Sources */,
				825F1F2729E8D5CE0043BD98 /* MultiSegmentPathBuilder.swift in Sources */,
				825F1F4029E9C65F0043BD98 /* simd_extensions.swift in Sources */,
				130E7C4129E23494004B1E81 /* LocationDataModel.swift in Sources */,
				825F1F4D29E9CACE0043BD98 /* MapDataModel.swift in Sources */,
				8241736429DE13A5001599B1 /* LocalizingView.swift in Sources */,
				A8D886C229EEE550003E05E7 /* ExitNavigationAlertView.swift in Sources */,
				826C994929E87EA10070290B /* ARCoreCredentials.swift in Sources */,
				130E7C4629E36C97004B1E81 /* LocationDataModelParser.swift in Sources */,
				825F1F5529E9CF490043BD98 /* PathLogger.swift in Sources */,
				825F1F4F29E9CB350043BD98 /* NavigationManager.swift in Sources */,
				A8CB6EBF29DFB37000EABD80 /* AnchorDetails.swift in Sources */,
				829F7B6729F2C03A00B59EE0 /* AnnouncementManager.swift in Sources */,
				8241737B29DE187E001599B1 /* AdjustmentModel.swift in Sources */,
				826C994729E87C130070290B /* ARViewContainer.swift in Sources */,
				8241736229DE1398001599B1 /* LocalAnchorListView.swift in Sources */,
				8241736A29DE13BF001599B1 /* NavigatingView.swift in Sources */,
				8241737229DE1430001599B1 /* AllAnchorDetails.swift in Sources */,
				82E69C9929F3278E002E2671 /* PathPlannerModel.swift in Sources */,
			);
			runOnlyForDeploymentPostprocessing = 0;
		};
		825F1F2C29E9B7910043BD98 /* Sources */ = {
			isa = PBXSourcesBuildPhase;
			buildActionMask = 2147483647;
			files = (
				825F1F3529E9B7910043BD98 /* ContentView.swift in Sources */,
				825F1F3329E9B7910043BD98 /* STEP_MappingApp.swift in Sources */,
			);
			runOnlyForDeploymentPostprocessing = 0;
		};
/* End PBXSourcesBuildPhase section */

/* Begin PBXTargetDependency section */
		130862BB29E479C500CADE79 /* PBXTargetDependency */ = {
			isa = PBXTargetDependency;
			target = 8241734C29DE0C6F001599B1 /* STEP Navigation */;
			targetProxy = 130862BA29E479C500CADE79 /* PBXContainerItemProxy */;
		};
/* End PBXTargetDependency section */

/* Begin XCBuildConfiguration section */
		130862BC29E479C500CADE79 /* Debug */ = {
			isa = XCBuildConfiguration;
			buildSettings = {
				BUNDLE_LOADER = "$(TEST_HOST)";
				CODE_SIGN_STYLE = Automatic;
				CURRENT_PROJECT_VERSION = 1;
				DEVELOPMENT_TEAM = 787TUDMR8Q;
				GENERATE_INFOPLIST_FILE = YES;
				IPHONEOS_DEPLOYMENT_TARGET = 16.0;
				MARKETING_VERSION = 1.0;
				PRODUCT_BUNDLE_IDENTIFIER = "edu.occamlab.STEP-NavigationTests";
				PRODUCT_NAME = "$(TARGET_NAME)";
				SWIFT_EMIT_LOC_STRINGS = NO;
				SWIFT_VERSION = 5.0;
				TARGETED_DEVICE_FAMILY = "1,2";
				TEST_HOST = "$(BUILT_PRODUCTS_DIR)/STEP Navigation.app/$(BUNDLE_EXECUTABLE_FOLDER_PATH)/STEP Navigation";
			};
			name = Debug;
		};
		130862BD29E479C500CADE79 /* Release */ = {
			isa = XCBuildConfiguration;
			buildSettings = {
				BUNDLE_LOADER = "$(TEST_HOST)";
				CODE_SIGN_STYLE = Automatic;
				CURRENT_PROJECT_VERSION = 1;
				DEVELOPMENT_TEAM = 787TUDMR8Q;
				GENERATE_INFOPLIST_FILE = YES;
				IPHONEOS_DEPLOYMENT_TARGET = 16.0;
				MARKETING_VERSION = 1.0;
				PRODUCT_BUNDLE_IDENTIFIER = "edu.occamlab.STEP-NavigationTests";
				PRODUCT_NAME = "$(TARGET_NAME)";
				SWIFT_EMIT_LOC_STRINGS = NO;
				SWIFT_VERSION = 5.0;
				TARGETED_DEVICE_FAMILY = "1,2";
				TEST_HOST = "$(BUILT_PRODUCTS_DIR)/STEP Navigation.app/$(BUNDLE_EXECUTABLE_FOLDER_PATH)/STEP Navigation";
			};
			name = Release;
		};
		8241735929DE0C70001599B1 /* Debug */ = {
			isa = XCBuildConfiguration;
			buildSettings = {
				ALWAYS_SEARCH_USER_PATHS = NO;
				CLANG_ANALYZER_NONNULL = YES;
				CLANG_ANALYZER_NUMBER_OBJECT_CONVERSION = YES_AGGRESSIVE;
				CLANG_CXX_LANGUAGE_STANDARD = "gnu++20";
				CLANG_ENABLE_MODULES = YES;
				CLANG_ENABLE_OBJC_ARC = YES;
				CLANG_ENABLE_OBJC_WEAK = YES;
				CLANG_WARN_BLOCK_CAPTURE_AUTORELEASING = YES;
				CLANG_WARN_BOOL_CONVERSION = YES;
				CLANG_WARN_COMMA = YES;
				CLANG_WARN_CONSTANT_CONVERSION = YES;
				CLANG_WARN_DEPRECATED_OBJC_IMPLEMENTATIONS = YES;
				CLANG_WARN_DIRECT_OBJC_ISA_USAGE = YES_ERROR;
				CLANG_WARN_DOCUMENTATION_COMMENTS = YES;
				CLANG_WARN_EMPTY_BODY = YES;
				CLANG_WARN_ENUM_CONVERSION = YES;
				CLANG_WARN_INFINITE_RECURSION = YES;
				CLANG_WARN_INT_CONVERSION = YES;
				CLANG_WARN_NON_LITERAL_NULL_CONVERSION = YES;
				CLANG_WARN_OBJC_IMPLICIT_RETAIN_SELF = YES;
				CLANG_WARN_OBJC_LITERAL_CONVERSION = YES;
				CLANG_WARN_OBJC_ROOT_CLASS = YES_ERROR;
				CLANG_WARN_QUOTED_INCLUDE_IN_FRAMEWORK_HEADER = YES;
				CLANG_WARN_RANGE_LOOP_ANALYSIS = YES;
				CLANG_WARN_STRICT_PROTOTYPES = YES;
				CLANG_WARN_SUSPICIOUS_MOVE = YES;
				CLANG_WARN_UNGUARDED_AVAILABILITY = YES_AGGRESSIVE;
				CLANG_WARN_UNREACHABLE_CODE = YES;
				CLANG_WARN__DUPLICATE_METHOD_MATCH = YES;
				COPY_PHASE_STRIP = NO;
				DEBUG_INFORMATION_FORMAT = dwarf;
				ENABLE_STRICT_OBJC_MSGSEND = YES;
				ENABLE_TESTABILITY = YES;
				GCC_C_LANGUAGE_STANDARD = gnu11;
				GCC_DYNAMIC_NO_PIC = NO;
				GCC_NO_COMMON_BLOCKS = YES;
				GCC_OPTIMIZATION_LEVEL = 0;
				GCC_PREPROCESSOR_DEFINITIONS = (
					"DEBUG=1",
					"$(inherited)",
				);
				GCC_WARN_64_TO_32_BIT_CONVERSION = YES;
				GCC_WARN_ABOUT_RETURN_TYPE = YES_ERROR;
				GCC_WARN_UNDECLARED_SELECTOR = YES;
				GCC_WARN_UNINITIALIZED_AUTOS = YES_AGGRESSIVE;
				GCC_WARN_UNUSED_FUNCTION = YES;
				GCC_WARN_UNUSED_VARIABLE = YES;
				IPHONEOS_DEPLOYMENT_TARGET = 16.0;
				MTL_ENABLE_DEBUG_INFO = INCLUDE_SOURCE;
				MTL_FAST_MATH = YES;
				ONLY_ACTIVE_ARCH = YES;
				SDKROOT = iphoneos;
				SWIFT_ACTIVE_COMPILATION_CONDITIONS = DEBUG;
				SWIFT_OPTIMIZATION_LEVEL = "-Onone";
			};
			name = Debug;
		};
		8241735A29DE0C70001599B1 /* Release */ = {
			isa = XCBuildConfiguration;
			buildSettings = {
				ALWAYS_SEARCH_USER_PATHS = NO;
				CLANG_ANALYZER_NONNULL = YES;
				CLANG_ANALYZER_NUMBER_OBJECT_CONVERSION = YES_AGGRESSIVE;
				CLANG_CXX_LANGUAGE_STANDARD = "gnu++20";
				CLANG_ENABLE_MODULES = YES;
				CLANG_ENABLE_OBJC_ARC = YES;
				CLANG_ENABLE_OBJC_WEAK = YES;
				CLANG_WARN_BLOCK_CAPTURE_AUTORELEASING = YES;
				CLANG_WARN_BOOL_CONVERSION = YES;
				CLANG_WARN_COMMA = YES;
				CLANG_WARN_CONSTANT_CONVERSION = YES;
				CLANG_WARN_DEPRECATED_OBJC_IMPLEMENTATIONS = YES;
				CLANG_WARN_DIRECT_OBJC_ISA_USAGE = YES_ERROR;
				CLANG_WARN_DOCUMENTATION_COMMENTS = YES;
				CLANG_WARN_EMPTY_BODY = YES;
				CLANG_WARN_ENUM_CONVERSION = YES;
				CLANG_WARN_INFINITE_RECURSION = YES;
				CLANG_WARN_INT_CONVERSION = YES;
				CLANG_WARN_NON_LITERAL_NULL_CONVERSION = YES;
				CLANG_WARN_OBJC_IMPLICIT_RETAIN_SELF = YES;
				CLANG_WARN_OBJC_LITERAL_CONVERSION = YES;
				CLANG_WARN_OBJC_ROOT_CLASS = YES_ERROR;
				CLANG_WARN_QUOTED_INCLUDE_IN_FRAMEWORK_HEADER = YES;
				CLANG_WARN_RANGE_LOOP_ANALYSIS = YES;
				CLANG_WARN_STRICT_PROTOTYPES = YES;
				CLANG_WARN_SUSPICIOUS_MOVE = YES;
				CLANG_WARN_UNGUARDED_AVAILABILITY = YES_AGGRESSIVE;
				CLANG_WARN_UNREACHABLE_CODE = YES;
				CLANG_WARN__DUPLICATE_METHOD_MATCH = YES;
				COPY_PHASE_STRIP = NO;
				DEBUG_INFORMATION_FORMAT = "dwarf-with-dsym";
				ENABLE_NS_ASSERTIONS = NO;
				ENABLE_STRICT_OBJC_MSGSEND = YES;
				GCC_C_LANGUAGE_STANDARD = gnu11;
				GCC_NO_COMMON_BLOCKS = YES;
				GCC_WARN_64_TO_32_BIT_CONVERSION = YES;
				GCC_WARN_ABOUT_RETURN_TYPE = YES_ERROR;
				GCC_WARN_UNDECLARED_SELECTOR = YES;
				GCC_WARN_UNINITIALIZED_AUTOS = YES_AGGRESSIVE;
				GCC_WARN_UNUSED_FUNCTION = YES;
				GCC_WARN_UNUSED_VARIABLE = YES;
				IPHONEOS_DEPLOYMENT_TARGET = 16.0;
				MTL_ENABLE_DEBUG_INFO = NO;
				MTL_FAST_MATH = YES;
				SDKROOT = iphoneos;
				SWIFT_COMPILATION_MODE = wholemodule;
				SWIFT_OPTIMIZATION_LEVEL = "-O";
				VALIDATE_PRODUCT = YES;
			};
			name = Release;
		};
		8241735C29DE0C70001599B1 /* Debug */ = {
			isa = XCBuildConfiguration;
			buildSettings = {
				ASSETCATALOG_COMPILER_APPICON_NAME = AppIcon;
				ASSETCATALOG_COMPILER_GLOBAL_ACCENT_COLOR_NAME = AccentColor;
				CODE_SIGN_IDENTITY = "Apple Development";
				CODE_SIGN_STYLE = Automatic;
				CURRENT_PROJECT_VERSION = 1;
				DEVELOPMENT_ASSET_PATHS = "\"STEP Navigation/Preview Content\"";
				DEVELOPMENT_TEAM = 787TUDMR8Q;
				ENABLE_PREVIEWS = YES;
				GENERATE_INFOPLIST_FILE = YES;
				INFOPLIST_FILE = "STEP-Navigation-Info.plist";
				INFOPLIST_KEY_NSCameraUsageDescription = "Camera permission is needed to localize and navigate your surroundings";
				INFOPLIST_KEY_NSLocationWhenInUseUsageDescription = "Location while in use permission is needed to localize you to your surroundings";
				INFOPLIST_KEY_UIApplicationSceneManifest_Generation = YES;
				INFOPLIST_KEY_UIApplicationSupportsIndirectInputEvents = YES;
				INFOPLIST_KEY_UILaunchScreen_Generation = YES;
				INFOPLIST_KEY_UISupportedInterfaceOrientations_iPad = "UIInterfaceOrientationPortrait UIInterfaceOrientationPortraitUpsideDown UIInterfaceOrientationLandscapeLeft UIInterfaceOrientationLandscapeRight";
				INFOPLIST_KEY_UISupportedInterfaceOrientations_iPhone = "UIInterfaceOrientationPortrait UIInterfaceOrientationLandscapeLeft UIInterfaceOrientationLandscapeRight";
				INFOPLIST_KEY_UIUserInterfaceStyle = Light;
				IPHONEOS_DEPLOYMENT_TARGET = 16.0;
				LD_RUNPATH_SEARCH_PATHS = (
					"$(inherited)",
					"@executable_path/Frameworks",
				);
				MARKETING_VERSION = 1.0;
				OTHER_LDFLAGS = (
					"$(inherited)",
					"-ObjC",
				);
				PRODUCT_BUNDLE_IDENTIFIER = "edu.occamlab.STEP-Navigation";
				PRODUCT_NAME = "$(TARGET_NAME)";
				PROVISIONING_PROFILE_SPECIFIER = "";
				SWIFT_EMIT_LOC_STRINGS = YES;
				SWIFT_VERSION = 5.0;
				TARGETED_DEVICE_FAMILY = "1,2";
			};
			name = Debug;
		};
		8241735D29DE0C70001599B1 /* Release */ = {
			isa = XCBuildConfiguration;
			buildSettings = {
				ASSETCATALOG_COMPILER_APPICON_NAME = AppIcon;
				ASSETCATALOG_COMPILER_GLOBAL_ACCENT_COLOR_NAME = AccentColor;
				CODE_SIGN_IDENTITY = "Apple Development";
				CODE_SIGN_STYLE = Automatic;
				CURRENT_PROJECT_VERSION = 1;
				DEVELOPMENT_ASSET_PATHS = "\"STEP Navigation/Preview Content\"";
				DEVELOPMENT_TEAM = 787TUDMR8Q;
				ENABLE_PREVIEWS = YES;
				GENERATE_INFOPLIST_FILE = YES;
				INFOPLIST_FILE = "STEP-Navigation-Info.plist";
				INFOPLIST_KEY_NSCameraUsageDescription = "Camera permission is needed to localize and navigate your surroundings";
				INFOPLIST_KEY_NSLocationWhenInUseUsageDescription = "Location while in use permission is needed to localize you to your surroundings";
				INFOPLIST_KEY_UIApplicationSceneManifest_Generation = YES;
				INFOPLIST_KEY_UIApplicationSupportsIndirectInputEvents = YES;
				INFOPLIST_KEY_UILaunchScreen_Generation = YES;
				INFOPLIST_KEY_UISupportedInterfaceOrientations_iPad = "UIInterfaceOrientationPortrait UIInterfaceOrientationPortraitUpsideDown UIInterfaceOrientationLandscapeLeft UIInterfaceOrientationLandscapeRight";
				INFOPLIST_KEY_UISupportedInterfaceOrientations_iPhone = "UIInterfaceOrientationPortrait UIInterfaceOrientationLandscapeLeft UIInterfaceOrientationLandscapeRight";
				INFOPLIST_KEY_UIUserInterfaceStyle = Light;
				IPHONEOS_DEPLOYMENT_TARGET = 16.0;
				LD_RUNPATH_SEARCH_PATHS = (
					"$(inherited)",
					"@executable_path/Frameworks",
				);
				MARKETING_VERSION = 1.0;
				OTHER_LDFLAGS = (
					"$(inherited)",
					"-ObjC",
				);
				PRODUCT_BUNDLE_IDENTIFIER = "edu.occamlab.STEP-Navigation";
				PRODUCT_NAME = "$(TARGET_NAME)";
				PROVISIONING_PROFILE_SPECIFIER = "";
				SWIFT_EMIT_LOC_STRINGS = YES;
				SWIFT_VERSION = 5.0;
				TARGETED_DEVICE_FAMILY = "1,2";
			};
			name = Release;
		};
		825F1F3C29E9B7920043BD98 /* Debug */ = {
			isa = XCBuildConfiguration;
			buildSettings = {
				ASSETCATALOG_COMPILER_APPICON_NAME = AppIcon;
				ASSETCATALOG_COMPILER_GLOBAL_ACCENT_COLOR_NAME = AccentColor;
				CODE_SIGN_STYLE = Automatic;
				CURRENT_PROJECT_VERSION = 1;
				DEVELOPMENT_ASSET_PATHS = "\"STEP Mapping/Preview Content\"";
				DEVELOPMENT_TEAM = 787TUDMR8Q;
				ENABLE_PREVIEWS = YES;
				GENERATE_INFOPLIST_FILE = YES;
				INFOPLIST_KEY_UIApplicationSceneManifest_Generation = YES;
				INFOPLIST_KEY_UIApplicationSupportsIndirectInputEvents = YES;
				INFOPLIST_KEY_UILaunchScreen_Generation = YES;
				INFOPLIST_KEY_UISupportedInterfaceOrientations_iPad = "UIInterfaceOrientationPortrait UIInterfaceOrientationPortraitUpsideDown UIInterfaceOrientationLandscapeLeft UIInterfaceOrientationLandscapeRight";
				INFOPLIST_KEY_UISupportedInterfaceOrientations_iPhone = "UIInterfaceOrientationPortrait UIInterfaceOrientationLandscapeLeft UIInterfaceOrientationLandscapeRight";
				IPHONEOS_DEPLOYMENT_TARGET = 16.4;
				LD_RUNPATH_SEARCH_PATHS = (
					"$(inherited)",
					"@executable_path/Frameworks",
				);
				MARKETING_VERSION = 1.0;
				PRODUCT_BUNDLE_IDENTIFIER = "edu.occamlab.STEP-Mapping";
				PRODUCT_NAME = "$(TARGET_NAME)";
				SWIFT_EMIT_LOC_STRINGS = YES;
				SWIFT_VERSION = 5.0;
				TARGETED_DEVICE_FAMILY = "1,2";
			};
			name = Debug;
		};
		825F1F3D29E9B7920043BD98 /* Release */ = {
			isa = XCBuildConfiguration;
			buildSettings = {
				ASSETCATALOG_COMPILER_APPICON_NAME = AppIcon;
				ASSETCATALOG_COMPILER_GLOBAL_ACCENT_COLOR_NAME = AccentColor;
				CODE_SIGN_STYLE = Automatic;
				CURRENT_PROJECT_VERSION = 1;
				DEVELOPMENT_ASSET_PATHS = "\"STEP Mapping/Preview Content\"";
				DEVELOPMENT_TEAM = 787TUDMR8Q;
				ENABLE_PREVIEWS = YES;
				GENERATE_INFOPLIST_FILE = YES;
				INFOPLIST_KEY_UIApplicationSceneManifest_Generation = YES;
				INFOPLIST_KEY_UIApplicationSupportsIndirectInputEvents = YES;
				INFOPLIST_KEY_UILaunchScreen_Generation = YES;
				INFOPLIST_KEY_UISupportedInterfaceOrientations_iPad = "UIInterfaceOrientationPortrait UIInterfaceOrientationPortraitUpsideDown UIInterfaceOrientationLandscapeLeft UIInterfaceOrientationLandscapeRight";
				INFOPLIST_KEY_UISupportedInterfaceOrientations_iPhone = "UIInterfaceOrientationPortrait UIInterfaceOrientationLandscapeLeft UIInterfaceOrientationLandscapeRight";
				IPHONEOS_DEPLOYMENT_TARGET = 16.4;
				LD_RUNPATH_SEARCH_PATHS = (
					"$(inherited)",
					"@executable_path/Frameworks",
				);
				MARKETING_VERSION = 1.0;
				PRODUCT_BUNDLE_IDENTIFIER = "edu.occamlab.STEP-Mapping";
				PRODUCT_NAME = "$(TARGET_NAME)";
				SWIFT_EMIT_LOC_STRINGS = YES;
				SWIFT_VERSION = 5.0;
				TARGETED_DEVICE_FAMILY = "1,2";
			};
			name = Release;
		};
/* End XCBuildConfiguration section */

/* Begin XCConfigurationList section */
		130862BE29E479C500CADE79 /* Build configuration list for PBXNativeTarget "STEP NavigationTests" */ = {
			isa = XCConfigurationList;
			buildConfigurations = (
				130862BC29E479C500CADE79 /* Debug */,
				130862BD29E479C500CADE79 /* Release */,
			);
			defaultConfigurationIsVisible = 0;
			defaultConfigurationName = Release;
		};
		8241734829DE0C6F001599B1 /* Build configuration list for PBXProject "STEP Navigation" */ = {
			isa = XCConfigurationList;
			buildConfigurations = (
				8241735929DE0C70001599B1 /* Debug */,
				8241735A29DE0C70001599B1 /* Release */,
			);
			defaultConfigurationIsVisible = 0;
			defaultConfigurationName = Release;
		};
		8241735B29DE0C70001599B1 /* Build configuration list for PBXNativeTarget "STEP Navigation" */ = {
			isa = XCConfigurationList;
			buildConfigurations = (
				8241735C29DE0C70001599B1 /* Debug */,
				8241735D29DE0C70001599B1 /* Release */,
			);
			defaultConfigurationIsVisible = 0;
			defaultConfigurationName = Release;
		};
		825F1F3B29E9B7920043BD98 /* Build configuration list for PBXNativeTarget "STEP Mapping" */ = {
			isa = XCConfigurationList;
			buildConfigurations = (
				825F1F3C29E9B7920043BD98 /* Debug */,
				825F1F3D29E9B7920043BD98 /* Release */,
			);
			defaultConfigurationIsVisible = 0;
			defaultConfigurationName = Release;
		};
/* End XCConfigurationList section */

/* Begin XCRemoteSwiftPackageReference section */
		82659CA529DF5FC8007546A1 /* XCRemoteSwiftPackageReference "firebase-ios-sdk" */ = {
			isa = XCRemoteSwiftPackageReference;
			repositoryURL = "https://github.com/firebase/firebase-ios-sdk.git";
			requirement = {
				kind = upToNextMajorVersion;
				minimumVersion = 10.0.0;
			};
		};
		82659CAC29DF5FFC007546A1 /* XCRemoteSwiftPackageReference "arcore-ios-sdk" */ = {
			isa = XCRemoteSwiftPackageReference;
			repositoryURL = "https://github.com/google-ar/arcore-ios-sdk";
			requirement = {
				kind = upToNextMinorVersion;
				minimumVersion = 1.36.0;
			};
		};
		82659CB329DF60B5007546A1 /* XCRemoteSwiftPackageReference "SwiftGraph" */ = {
			isa = XCRemoteSwiftPackageReference;
			repositoryURL = "https://github.com/davecom/SwiftGraph";
			requirement = {
				kind = upToNextMajorVersion;
				minimumVersion = 3.0.0;
			};
		};
/* End XCRemoteSwiftPackageReference section */

/* Begin XCSwiftPackageProductDependency section */
		82659CA629DF5FC8007546A1 /* FirebaseAnalytics */ = {
			isa = XCSwiftPackageProductDependency;
			package = 82659CA529DF5FC8007546A1 /* XCRemoteSwiftPackageReference "firebase-ios-sdk" */;
			productName = FirebaseAnalytics;
		};
		82659CA829DF5FC8007546A1 /* FirebaseDatabase */ = {
			isa = XCSwiftPackageProductDependency;
			package = 82659CA529DF5FC8007546A1 /* XCRemoteSwiftPackageReference "firebase-ios-sdk" */;
			productName = FirebaseDatabase;
		};
		82659CAA29DF5FC8007546A1 /* FirebaseStorage */ = {
			isa = XCSwiftPackageProductDependency;
			package = 82659CA529DF5FC8007546A1 /* XCRemoteSwiftPackageReference "firebase-ios-sdk" */;
			productName = FirebaseStorage;
		};
		82659CAD29DF5FFC007546A1 /* ARCoreCloudAnchors */ = {
			isa = XCSwiftPackageProductDependency;
			package = 82659CAC29DF5FFC007546A1 /* XCRemoteSwiftPackageReference "arcore-ios-sdk" */;
			productName = ARCoreCloudAnchors;
		};
		82659CAF29DF5FFC007546A1 /* ARCoreGARSession */ = {
			isa = XCSwiftPackageProductDependency;
			package = 82659CAC29DF5FFC007546A1 /* XCRemoteSwiftPackageReference "arcore-ios-sdk" */;
			productName = ARCoreGARSession;
		};
		82659CB129DF5FFC007546A1 /* ARCoreGeospatial */ = {
			isa = XCSwiftPackageProductDependency;
			package = 82659CAC29DF5FFC007546A1 /* XCRemoteSwiftPackageReference "arcore-ios-sdk" */;
			productName = ARCoreGeospatial;
		};
		82659CB429DF60B5007546A1 /* SwiftGraph */ = {
			isa = XCSwiftPackageProductDependency;
			package = 82659CB329DF60B5007546A1 /* XCRemoteSwiftPackageReference "SwiftGraph" */;
			productName = SwiftGraph;
		};
/* End XCSwiftPackageProductDependency section */
	};
	rootObject = 8241734529DE0C6F001599B1 /* Project object */;
}
